{
  "name": "blaze-ts",
  "version": "0.1.0",
  "lockfileVersion": 3,
  "requires": true,
  "packages": {
    "": {
      "name": "blaze-ts",
      "version": "0.1.0",
      "funding": [
        {
          "type": "individual",
          "url": "https://www.buymeacoffee.com/phaedrusflow"
        },
        {
          "type": "organization",
          "url": "https://opencollective.com/qompassai"
        },
        {
          "type": "github",
          "url": "https://github.com/sponsors/qompassai"
        },
        {
          "type": "custom",
          "url": "https://patreon.com/qompassai"
        },
        {
          "type": "custom",
          "url": "https://liberapay.com/qompassai"
        }
      ],
      "hasInstallScript": true,
      "license": "AGPL-3.0",
      "dependencies": {
        "node-gyp-build": "^4.6.0"
      },
      "devDependencies": {
        "tree-sitter-cli": "^0.20.0"
      },
      "engines": {
        "node": ">=16.0.0"
      }
    },
    "node_modules/node-gyp-build": {
      "version": "4.8.4",
      "resolved": "https://registry.npmjs.org/node-gyp-build/-/node-gyp-build-4.8.4.tgz",
      "integrity": "sha512-LA4ZjwlnUblHVgq0oBF3Jl/6h/Nvs5fzBLwdEF4nuxnFdsfajde4WfxtJr3CaiH+F6ewcIB/q4jQ4UzPyid+CQ==",
      "license": "MIT",
      "bin": {
        "node-gyp-build": "bin.js",
        "node-gyp-build-optional": "optional.js",
        "node-gyp-build-test": "build-test.js"
      }
    },
    "node_modules/tree-sitter-cli": {
      "version": "0.20.8",
      "resolved": "https://registry.npmjs.org/tree-sitter-cli/-/tree-sitter-cli-0.20.8.tgz",
      "integrity": "sha512-XjTcS3wdTy/2cc/ptMLc/WRyOLECRYcMTrSWyhZnj1oGSOWbHLTklgsgRICU3cPfb0vy+oZCC33M43u6R1HSCA==",
      "dev": true,
      "hasInstallScript": true,
      "license": "MIT",
      "bin": {
        "tree-sitter": "cli.js"
      }
    }
  }
}
